
Microsoft Visual Studio Solution File, Format Version 12.00
Project("{FAE04EC0-301F-11D3-BF4B-00C04F79EFBC}") = "BOT_TelegramAPI", "BOT_TelegramAPI.csproj", "{D1104D47-0293-4255-9BF1-38FC0645E35D}"
EndProject
Global
	GlobalSection(SolutionConfigurationPlatforms) = preSolution
		Debug|Any CPU = Debug|Any CPU
		Release|Any CPU = Release|Any CPU
	EndGlobalSection
	GlobalSection(ProjectConfigurationPlatforms) = postSolution
		{D1104D47-0293-4255-9BF1-38FC0645E35D}.Debug|Any CPU.ActiveCfg = Debug|Any CPU
		{D1104D47-0293-4255-9BF1-38FC0645E35D}.Debug|Any CPU.Build.0 = Debug|Any CPU
		{D1104D47-0293-4255-9BF1-38FC0645E35D}.Release|Any CPU.ActiveCfg = Release|Any CPU
		{D1104D47-0293-4255-9BF1-38FC0645E35D}.Release|Any CPU.Build.0 = Release|Any CPU
	EndGlobalSection
EndGlobal
